
Microsoft Visual Studio Solution File, Format Version 12.00
# Visual Studio Version 17
VisualStudioVersion = 17.8.34511.84
MinimumVisualStudioVersion = 10.0.40219.1
Project("{FAE04EC0-301F-11D3-BF4B-00C04F79EFBC}") = "StockSentry", "StockSentry\StockSentry.csproj", "{B88DE0EF-036B-4986-9E7E-59E465AF8947}"
EndProject
Global
	GlobalSection(SolutionConfigurationPlatforms) = preSolution
		Debug|Any CPU = Debug|Any CPU
		Release|Any CPU = Release|Any CPU
	EndGlobalSection
	GlobalSection(ProjectConfigurationPlatforms) = postSolution
		{B88DE0EF-036B-4986-9E7E-59E465AF8947}.Debug|Any CPU.ActiveCfg = Debug|Any CPU
		{B88DE0EF-036B-4986-9E7E-59E465AF8947}.Debug|Any CPU.Build.0 = Debug|Any CPU
		{B88DE0EF-036B-4986-9E7E-59E465AF8947}.Release|Any CPU.ActiveCfg = Release|Any CPU
		{B88DE0EF-036B-4986-9E7E-59E465AF8947}.Release|Any CPU.Build.0 = Release|Any CPU
	EndGlobalSection
	GlobalSection(SolutionProperties) = preSolution
		HideSolutionNode = FALSE
	EndGlobalSection
	GlobalSection(ExtensibilityGlobals) = postSolution
		SolutionGuid = {94650C20-0F8D-4D0A-8E73-970C1A503842}
	EndGlobalSection
EndGlobal
